
Microsoft Visual Studio Solution File, Format Version 12.00
# Visual Studio Version 17
VisualStudioVersion = 17.0.31903.59
MinimumVisualStudioVersion = 10.0.40219.1
Project("{2150E333-8FDC-42A3-9474-1A3956D46DE8}") = "src", "src", "{827E0CD3-B72D-47B6-A68D-7590B98EB39B}"
EndProject
Project("{FAE04EC0-301F-11D3-BF4B-00C04F79EFBC}") = "Servanda.App", "src\Servanda.App\Servanda.App.csproj", "{C81EC2B1-65FF-439B-B311-1960DDAAC06F}"
EndProject
Project("{FAE04EC0-301F-11D3-BF4B-00C04F79EFBC}") = "Servanda.Application", "src\Servanda.Application\Servanda.Application.csproj", "{94799274-C10A-4623-85F0-0E04D868A26A}"
EndProject
Project("{FAE04EC0-301F-11D3-BF4B-00C04F79EFBC}") = "Servanda.Domain", "src\Servanda.Domain\Servanda.Domain.csproj", "{CBCBE2DE-20A9-443F-9F5A-FDEB15503605}"
EndProject
Project("{FAE04EC0-301F-11D3-BF4B-00C04F79EFBC}") = "Servanda.Infrastructure", "src\Servanda.Infrastructure\Servanda.Infrastructure.csproj", "{175F173C-539D-47B5-9846-507983FF06D5}"
EndProject
Project("{2150E333-8FDC-42A3-9474-1A3956D46DE8}") = "tests", "tests", "{0AB3BF05-4346-4AA6-1389-037BE0695223}"
EndProject
Project("{FAE04EC0-301F-11D3-BF4B-00C04F79EFBC}") = "Servanda.Domain.Tests", "tests\Servanda.Domain.Tests\Servanda.Domain.Tests.csproj", "{73304FCF-EA79-4DDB-B97B-4C7B77588259}"
EndProject
Project("{FAE04EC0-301F-11D3-BF4B-00C04F79EFBC}") = "Servanda.Application.Tests", "tests\Servanda.Application.Tests\Servanda.Application.Tests.csproj", "{F1097F45-E60E-4613-92EB-832BAE69495A}"
EndProject
Project("{FAE04EC0-301F-11D3-BF4B-00C04F79EFBC}") = "Servanda.Infrastructure.Tests", "tests\Servanda.Infrastructure.Tests\Servanda.Infrastructure.Tests.csproj", "{2437EEE9-844C-4419-BBCD-B4A343CB4659}"
EndProject
Project("{FAE04EC0-301F-11D3-BF4B-00C04F79EFBC}") = "Servanda.E2E", "tests\Servanda.E2E\Servanda.E2E.csproj", "{3FEABDB5-9CF2-4730-9DE5-5AEDD7B2CAEC}"
EndProject
Global
	GlobalSection(SolutionConfigurationPlatforms) = preSolution
		Debug|Any CPU = Debug|Any CPU
		Debug|x64 = Debug|x64
		Debug|x86 = Debug|x86
		Release|Any CPU = Release|Any CPU
		Release|x64 = Release|x64
		Release|x86 = Release|x86
	EndGlobalSection
	GlobalSection(ProjectConfigurationPlatforms) = postSolution
		{C81EC2B1-65FF-439B-B311-1960DDAAC06F}.Debug|Any CPU.ActiveCfg = Debug|Any CPU
		{C81EC2B1-65FF-439B-B311-1960DDAAC06F}.Debug|Any CPU.Build.0 = Debug|Any CPU
		{C81EC2B1-65FF-439B-B311-1960DDAAC06F}.Debug|x64.ActiveCfg = Debug|Any CPU
		{C81EC2B1-65FF-439B-B311-1960DDAAC06F}.Debug|x64.Build.0 = Debug|Any CPU
		{C81EC2B1-65FF-439B-B311-1960DDAAC06F}.Debug|x86.ActiveCfg = Debug|Any CPU
		{C81EC2B1-65FF-439B-B311-1960DDAAC06F}.Debug|x86.Build.0 = Debug|Any CPU
		{C81EC2B1-65FF-439B-B311-1960DDAAC06F}.Release|Any CPU.ActiveCfg = Release|Any CPU
		{C81EC2B1-65FF-439B-B311-1960DDAAC06F}.Release|Any CPU.Build.0 = Release|Any CPU
		{C81EC2B1-65FF-439B-B311-1960DDAAC06F}.Release|x64.ActiveCfg = Release|Any CPU
		{C81EC2B1-65FF-439B-B311-1960DDAAC06F}.Release|x64.Build.0 = Release|Any CPU
		{C81EC2B1-65FF-439B-B311-1960DDAAC06F}.Release|x86.ActiveCfg = Release|Any CPU
		{C81EC2B1-65FF-439B-B311-1960DDAAC06F}.Release|x86.Build.0 = Release|Any CPU
		{94799274-C10A-4623-85F0-0E04D868A26A}.Debug|Any CPU.ActiveCfg = Debug|Any CPU
		{94799274-C10A-4623-85F0-0E04D868A26A}.Debug|Any CPU.Build.0 = Debug|Any CPU
		{94799274-C10A-4623-85F0-0E04D868A26A}.Debug|x64.ActiveCfg = Debug|Any CPU
		{94799274-C10A-4623-85F0-0E04D868A26A}.Debug|x64.Build.0 = Debug|Any CPU
		{94799274-C10A-4623-85F0-0E04D868A26A}.Debug|x86.ActiveCfg = Debug|Any CPU
		{94799274-C10A-4623-85F0-0E04D868A26A}.Debug|x86.Build.0 = Debug|Any CPU
		{94799274-C10A-4623-85F0-0E04D868A26A}.Release|Any CPU.ActiveCfg = Release|Any CPU
		{94799274-C10A-4623-85F0-0E04D868A26A}.Release|Any CPU.Build.0 = Release|Any CPU
		{94799274-C10A-4623-85F0-0E04D868A26A}.Release|x64.ActiveCfg = Release|Any CPU
		{94799274-C10A-4623-85F0-0E04D868A26A}.Release|x64.Build.0 = Release|Any CPU
		{94799274-C10A-4623-85F0-0E04D868A26A}.Release|x86.ActiveCfg = Release|Any CPU
		{94799274-C10A-4623-85F0-0E04D868A26A}.Release|x86.Build.0 = Release|Any CPU
		{CBCBE2DE-20A9-443F-9F5A-FDEB15503605}.Debug|Any CPU.ActiveCfg = Debug|Any CPU
		{CBCBE2DE-20A9-443F-9F5A-FDEB15503605}.Debug|Any CPU.Build.0 = Debug|Any CPU
		{CBCBE2DE-20A9-443F-9F5A-FDEB15503605}.Debug|x64.ActiveCfg = Debug|Any CPU
		{CBCBE2DE-20A9-443F-9F5A-FDEB15503605}.Debug|x64.Build.0 = Debug|Any CPU
		{CBCBE2DE-20A9-443F-9F5A-FDEB15503605}.Debug|x86.ActiveCfg = Debug|Any CPU
		{CBCBE2DE-20A9-443F-9F5A-FDEB15503605}.Debug|x86.Build.0 = Debug|Any CPU
		{CBCBE2DE-20A9-443F-9F5A-FDEB15503605}.Release|Any CPU.ActiveCfg = Release|Any CPU
		{CBCBE2DE-20A9-443F-9F5A-FDEB15503605}.Release|Any CPU.Build.0 = Release|Any CPU
		{CBCBE2DE-20A9-443F-9F5A-FDEB15503605}.Release|x64.ActiveCfg = Release|Any CPU
		{CBCBE2DE-20A9-443F-9F5A-FDEB15503605}.Release|x64.Build.0 = Release|Any CPU
		{CBCBE2DE-20A9-443F-9F5A-FDEB15503605}.Release|x86.ActiveCfg = Release|Any CPU
		{CBCBE2DE-20A9-443F-9F5A-FDEB15503605}.Release|x86.Build.0 = Release|Any CPU
		{175F173C-539D-47B5-9846-507983FF06D5}.Debug|Any CPU.ActiveCfg = Debug|Any CPU
		{175F173C-539D-47B5-9846-507983FF06D5}.Debug|Any CPU.Build.0 = Debug|Any CPU
		{175F173C-539D-47B5-9846-507983FF06D5}.Debug|x64.ActiveCfg = Debug|Any CPU
		{175F173C-539D-47B5-9846-507983FF06D5}.Debug|x64.Build.0 = Debug|Any CPU
		{175F173C-539D-47B5-9846-507983FF06D5}.Debug|x86.ActiveCfg = Debug|Any CPU
		{175F173C-539D-47B5-9846-507983FF06D5}.Debug|x86.Build.0 = Debug|Any CPU
		{175F173C-539D-47B5-9846-507983FF06D5}.Release|Any CPU.ActiveCfg = Release|Any CPU
		{175F173C-539D-47B5-9846-507983FF06D5}.Release|Any CPU.Build.0 = Release|Any CPU
		{175F173C-539D-47B5-9846-507983FF06D5}.Release|x64.ActiveCfg = Release|Any CPU
		{175F173C-539D-47B5-9846-507983FF06D5}.Release|x64.Build.0 = Release|Any CPU
		{175F173C-539D-47B5-9846-507983FF06D5}.Release|x86.ActiveCfg = Release|Any CPU
		{175F173C-539D-47B5-9846-507983FF06D5}.Release|x86.Build.0 = Release|Any CPU
		{73304FCF-EA79-4DDB-B97B-4C7B77588259}.Debug|Any CPU.ActiveCfg = Debug|Any CPU
		{73304FCF-EA79-4DDB-B97B-4C7B77588259}.Debug|Any CPU.Build.0 = Debug|Any CPU
		{73304FCF-EA79-4DDB-B97B-4C7B77588259}.Debug|x64.ActiveCfg = Debug|Any CPU
		{73304FCF-EA79-4DDB-B97B-4C7B77588259}.Debug|x64.Build.0 = Debug|Any CPU
		{73304FCF-EA79-4DDB-B97B-4C7B77588259}.Debug|x86.ActiveCfg = Debug|Any CPU
		{73304FCF-EA79-4DDB-B97B-4C7B77588259}.Debug|x86.Build.0 = Debug|Any CPU
		{73304FCF-EA79-4DDB-B97B-4C7B77588259}.Release|Any CPU.ActiveCfg = Release|Any CPU
		{73304FCF-EA79-4DDB-B97B-4C7B77588259}.Release|Any CPU.Build.0 = Release|Any CPU
		{73304FCF-EA79-4DDB-B97B-4C7B77588259}.Release|x64.ActiveCfg = Release|Any CPU
		{73304FCF-EA79-4DDB-B97B-4C7B77588259}.Release|x64.Build.0 = Release|Any CPU
		{73304FCF-EA79-4DDB-B97B-4C7B77588259}.Release|x86.ActiveCfg = Release|Any CPU
		{73304FCF-EA79-4DDB-B97B-4C7B77588259}.Release|x86.Build.0 = Release|Any CPU
		{F1097F45-E60E-4613-92EB-832BAE69495A}.Debug|Any CPU.ActiveCfg = Debug|Any CPU
		{F1097F45-E60E-4613-92EB-832BAE69495A}.Debug|Any CPU.Build.0 = Debug|Any CPU
		{F1097F45-E60E-4613-92EB-832BAE69495A}.Debug|x64.ActiveCfg = Debug|Any CPU
		{F1097F45-E60E-4613-92EB-832BAE69495A}.Debug|x64.Build.0 = Debug|Any CPU
		{F1097F45-E60E-4613-92EB-832BAE69495A}.Debug|x86.ActiveCfg = Debug|Any CPU
		{F1097F45-E60E-4613-92EB-832BAE69495A}.Debug|x86.Build.0 = Debug|Any CPU
		{F1097F45-E60E-4613-92EB-832BAE69495A}.Release|Any CPU.ActiveCfg = Release|Any CPU
		{F1097F45-E60E-4613-92EB-832BAE69495A}.Release|Any CPU.Build.0 = Release|Any CPU
		{F1097F45-E60E-4613-92EB-832BAE69495A}.Release|x64.ActiveCfg = Release|Any CPU
		{F1097F45-E60E-4613-92EB-832BAE69495A}.Release|x64.Build.0 = Release|Any CPU
		{F1097F45-E60E-4613-92EB-832BAE69495A}.Release|x86.ActiveCfg = Release|Any CPU
		{F1097F45-E60E-4613-92EB-832BAE69495A}.Release|x86.Build.0 = Release|Any CPU
		{2437EEE9-844C-4419-BBCD-B4A343CB4659}.Debug|Any CPU.ActiveCfg = Debug|Any CPU
		{2437EEE9-844C-4419-BBCD-B4A343CB4659}.Debug|Any CPU.Build.0 = Debug|Any CPU
		{2437EEE9-844C-4419-BBCD-B4A343CB4659}.Debug|x64.ActiveCfg = Debug|Any CPU
		{2437EEE9-844C-4419-BBCD-B4A343CB4659}.Debug|x64.Build.0 = Debug|Any CPU
		{2437EEE9-844C-4419-BBCD-B4A343CB4659}.Debug|x86.ActiveCfg = Debug|Any CPU
		{2437EEE9-844C-4419-BBCD-B4A343CB4659}.Debug|x86.Build.0 = Debug|Any CPU
		{2437EEE9-844C-4419-BBCD-B4A343CB4659}.Release|Any CPU.ActiveCfg = Release|Any CPU
		{2437EEE9-844C-4419-BBCD-B4A343CB4659}.Release|Any CPU.Build.0 = Release|Any CPU
		{2437EEE9-844C-4419-BBCD-B4A343CB4659}.Release|x64.ActiveCfg = Release|Any CPU
		{2437EEE9-844C-4419-BBCD-B4A343CB4659}.Release|x64.Build.0 = Release|Any CPU
		{2437EEE9-844C-4419-BBCD-B4A343CB4659}.Release|x86.ActiveCfg = Release|Any CPU
		{2437EEE9-844C-4419-BBCD-B4A343CB4659}.Release|x86.Build.0 = Release|Any CPU
		{3FEABDB5-9CF2-4730-9DE5-5AEDD7B2CAEC}.Debug|Any CPU.ActiveCfg = Debug|Any CPU
		{3FEABDB5-9CF2-4730-9DE5-5AEDD7B2CAEC}.Debug|Any CPU.Build.0 = Debug|Any CPU
		{3FEABDB5-9CF2-4730-9DE5-5AEDD7B2CAEC}.Debug|x64.ActiveCfg = Debug|Any CPU
		{3FEABDB5-9CF2-4730-9DE5-5AEDD7B2CAEC}.Debug|x64.Build.0 = Debug|Any CPU
		{3FEABDB5-9CF2-4730-9DE5-5AEDD7B2CAEC}.Debug|x86.ActiveCfg = Debug|Any CPU
		{3FEABDB5-9CF2-4730-9DE5-5AEDD7B2CAEC}.Debug|x86.Build.0 = Debug|Any CPU
		{3FEABDB5-9CF2-4730-9DE5-5AEDD7B2CAEC}.Release|Any CPU.ActiveCfg = Release|Any CPU
		{3FEABDB5-9CF2-4730-9DE5-5AEDD7B2CAEC}.Release|Any CPU.Build.0 = Release|Any CPU
		{3FEABDB5-9CF2-4730-9DE5-5AEDD7B2CAEC}.Release|x64.ActiveCfg = Release|Any CPU
		{3FEABDB5-9CF2-4730-9DE5-5AEDD7B2CAEC}.Release|x64.Build.0 = Release|Any CPU
		{3FEABDB5-9CF2-4730-9DE5-5AEDD7B2CAEC}.Release|x86.ActiveCfg = Release|Any CPU
		{3FEABDB5-9CF2-4730-9DE5-5AEDD7B2CAEC}.Release|x86.Build.0 = Release|Any CPU
	EndGlobalSection
	GlobalSection(SolutionProperties) = preSolution
		HideSolutionNode = FALSE
	EndGlobalSection
	GlobalSection(NestedProjects) = preSolution
		{C81EC2B1-65FF-439B-B311-1960DDAAC06F} = {827E0CD3-B72D-47B6-A68D-7590B98EB39B}
		{94799274-C10A-4623-85F0-0E04D868A26A} = {827E0CD3-B72D-47B6-A68D-7590B98EB39B}
		{CBCBE2DE-20A9-443F-9F5A-FDEB15503605} = {827E0CD3-B72D-47B6-A68D-7590B98EB39B}
		{175F173C-539D-47B5-9846-507983FF06D5} = {827E0CD3-B72D-47B6-A68D-7590B98EB39B}
		{73304FCF-EA79-4DDB-B97B-4C7B77588259} = {0AB3BF05-4346-4AA6-1389-037BE0695223}
		{F1097F45-E60E-4613-92EB-832BAE69495A} = {0AB3BF05-4346-4AA6-1389-037BE0695223}
		{2437EEE9-844C-4419-BBCD-B4A343CB4659} = {0AB3BF05-4346-4AA6-1389-037BE0695223}
		{3FEABDB5-9CF2-4730-9DE5-5AEDD7B2CAEC} = {0AB3BF05-4346-4AA6-1389-037BE0695223}
	EndGlobalSection
EndGlobal
