
Microsoft Visual Studio Solution File, Format Version 12.00
# Visual Studio Version 17
VisualStudioVersion = 17.0.31903.59
MinimumVisualStudioVersion = 10.0.40219.1
Project("{2150E333-8FDC-42A3-9474-1A3956D46DE8}") = "src", "src", "{827E0CD3-B72D-47B6-A68D-7590B98EB39B}"
EndProject
Project("{FAE04EC0-301F-11D3-BF4B-00C04F79EFBC}") = "Servanda.Domain", "src\Servanda.Domain\Servanda.Domain.csproj", "{95881A10-B730-4A86-9B35-E76A119C8D2E}"
EndProject
Project("{FAE04EC0-301F-11D3-BF4B-00C04F79EFBC}") = "Servanda.Application", "src\Servanda.Application\Servanda.Application.csproj", "{D875ECF5-51C9-454C-80E4-BF3A7EE8C14C}"
EndProject
Project("{FAE04EC0-301F-11D3-BF4B-00C04F79EFBC}") = "Servanda.Infrastructure", "src\Servanda.Infrastructure\Servanda.Infrastructure.csproj", "{C93B5848-2496-4BB1-9A3F-80214CCB9F24}"
EndProject
Project("{FAE04EC0-301F-11D3-BF4B-00C04F79EFBC}") = "Servanda.Api", "src\Servanda.Api\Servanda.Api.csproj", "{496ACB31-BF5D-44AE-AB40-5DF2AD113E7E}"
EndProject
Project("{2150E333-8FDC-42A3-9474-1A3956D46DE8}") = "tests", "tests", "{0AB3BF05-4346-4AA6-1389-037BE0695223}"
EndProject
Project("{FAE04EC0-301F-11D3-BF4B-00C04F79EFBC}") = "Servanda.Application.Tests", "tests\Servanda.Application.Tests\Servanda.Application.Tests.csproj", "{5E9A69C3-AF6B-42A0-AD91-5A4232ABB53D}"
EndProject
Project("{FAE04EC0-301F-11D3-BF4B-00C04F79EFBC}") = "Servanda.Api.Tests", "tests\Servanda.Api.Tests\Servanda.Api.Tests.csproj", "{497AD370-345C-44C9-8607-FBA545898397}"
EndProject
Global
	GlobalSection(SolutionConfigurationPlatforms) = preSolution
		Debug|Any CPU = Debug|Any CPU
		Debug|x64 = Debug|x64
		Debug|x86 = Debug|x86
		Release|Any CPU = Release|Any CPU
		Release|x64 = Release|x64
		Release|x86 = Release|x86
	EndGlobalSection
	GlobalSection(ProjectConfigurationPlatforms) = postSolution
		{95881A10-B730-4A86-9B35-E76A119C8D2E}.Debug|Any CPU.ActiveCfg = Debug|Any CPU
		{95881A10-B730-4A86-9B35-E76A119C8D2E}.Debug|Any CPU.Build.0 = Debug|Any CPU
		{95881A10-B730-4A86-9B35-E76A119C8D2E}.Debug|x64.ActiveCfg = Debug|Any CPU
		{95881A10-B730-4A86-9B35-E76A119C8D2E}.Debug|x64.Build.0 = Debug|Any CPU
		{95881A10-B730-4A86-9B35-E76A119C8D2E}.Debug|x86.ActiveCfg = Debug|Any CPU
		{95881A10-B730-4A86-9B35-E76A119C8D2E}.Debug|x86.Build.0 = Debug|Any CPU
		{95881A10-B730-4A86-9B35-E76A119C8D2E}.Release|Any CPU.ActiveCfg = Release|Any CPU
		{95881A10-B730-4A86-9B35-E76A119C8D2E}.Release|Any CPU.Build.0 = Release|Any CPU
		{95881A10-B730-4A86-9B35-E76A119C8D2E}.Release|x64.ActiveCfg = Release|Any CPU
		{95881A10-B730-4A86-9B35-E76A119C8D2E}.Release|x64.Build.0 = Release|Any CPU
		{95881A10-B730-4A86-9B35-E76A119C8D2E}.Release|x86.ActiveCfg = Release|Any CPU
		{95881A10-B730-4A86-9B35-E76A119C8D2E}.Release|x86.Build.0 = Release|Any CPU
		{D875ECF5-51C9-454C-80E4-BF3A7EE8C14C}.Debug|Any CPU.ActiveCfg = Debug|Any CPU
		{D875ECF5-51C9-454C-80E4-BF3A7EE8C14C}.Debug|Any CPU.Build.0 = Debug|Any CPU
		{D875ECF5-51C9-454C-80E4-BF3A7EE8C14C}.Debug|x64.ActiveCfg = Debug|Any CPU
		{D875ECF5-51C9-454C-80E4-BF3A7EE8C14C}.Debug|x64.Build.0 = Debug|Any CPU
		{D875ECF5-51C9-454C-80E4-BF3A7EE8C14C}.Debug|x86.ActiveCfg = Debug|Any CPU
		{D875ECF5-51C9-454C-80E4-BF3A7EE8C14C}.Debug|x86.Build.0 = Debug|Any CPU
		{D875ECF5-51C9-454C-80E4-BF3A7EE8C14C}.Release|Any CPU.ActiveCfg = Release|Any CPU
		{D875ECF5-51C9-454C-80E4-BF3A7EE8C14C}.Release|Any CPU.Build.0 = Release|Any CPU
		{D875ECF5-51C9-454C-80E4-BF3A7EE8C14C}.Release|x64.ActiveCfg = Release|Any CPU
		{D875ECF5-51C9-454C-80E4-BF3A7EE8C14C}.Release|x64.Build.0 = Release|Any CPU
		{D875ECF5-51C9-454C-80E4-BF3A7EE8C14C}.Release|x86.ActiveCfg = Release|Any CPU
		{D875ECF5-51C9-454C-80E4-BF3A7EE8C14C}.Release|x86.Build.0 = Release|Any CPU
		{C93B5848-2496-4BB1-9A3F-80214CCB9F24}.Debug|Any CPU.ActiveCfg = Debug|Any CPU
		{C93B5848-2496-4BB1-9A3F-80214CCB9F24}.Debug|Any CPU.Build.0 = Debug|Any CPU
		{C93B5848-2496-4BB1-9A3F-80214CCB9F24}.Debug|x64.ActiveCfg = Debug|Any CPU
		{C93B5848-2496-4BB1-9A3F-80214CCB9F24}.Debug|x64.Build.0 = Debug|Any CPU
		{C93B5848-2496-4BB1-9A3F-80214CCB9F24}.Debug|x86.ActiveCfg = Debug|Any CPU
		{C93B5848-2496-4BB1-9A3F-80214CCB9F24}.Debug|x86.Build.0 = Debug|Any CPU
		{C93B5848-2496-4BB1-9A3F-80214CCB9F24}.Release|Any CPU.ActiveCfg = Release|Any CPU
		{C93B5848-2496-4BB1-9A3F-80214CCB9F24}.Release|Any CPU.Build.0 = Release|Any CPU
		{C93B5848-2496-4BB1-9A3F-80214CCB9F24}.Release|x64.ActiveCfg = Release|Any CPU
		{C93B5848-2496-4BB1-9A3F-80214CCB9F24}.Release|x64.Build.0 = Release|Any CPU
		{C93B5848-2496-4BB1-9A3F-80214CCB9F24}.Release|x86.ActiveCfg = Release|Any CPU
		{C93B5848-2496-4BB1-9A3F-80214CCB9F24}.Release|x86.Build.0 = Release|Any CPU
		{496ACB31-BF5D-44AE-AB40-5DF2AD113E7E}.Debug|Any CPU.ActiveCfg = Debug|Any CPU
		{496ACB31-BF5D-44AE-AB40-5DF2AD113E7E}.Debug|Any CPU.Build.0 = Debug|Any CPU
		{496ACB31-BF5D-44AE-AB40-5DF2AD113E7E}.Debug|x64.ActiveCfg = Debug|Any CPU
		{496ACB31-BF5D-44AE-AB40-5DF2AD113E7E}.Debug|x64.Build.0 = Debug|Any CPU
		{496ACB31-BF5D-44AE-AB40-5DF2AD113E7E}.Debug|x86.ActiveCfg = Debug|Any CPU
		{496ACB31-BF5D-44AE-AB40-5DF2AD113E7E}.Debug|x86.Build.0 = Debug|Any CPU
		{496ACB31-BF5D-44AE-AB40-5DF2AD113E7E}.Release|Any CPU.ActiveCfg = Release|Any CPU
		{496ACB31-BF5D-44AE-AB40-5DF2AD113E7E}.Release|Any CPU.Build.0 = Release|Any CPU
		{496ACB31-BF5D-44AE-AB40-5DF2AD113E7E}.Release|x64.ActiveCfg = Release|Any CPU
		{496ACB31-BF5D-44AE-AB40-5DF2AD113E7E}.Release|x64.Build.0 = Release|Any CPU
		{496ACB31-BF5D-44AE-AB40-5DF2AD113E7E}.Release|x86.ActiveCfg = Release|Any CPU
		{496ACB31-BF5D-44AE-AB40-5DF2AD113E7E}.Release|x86.Build.0 = Release|Any CPU
		{5E9A69C3-AF6B-42A0-AD91-5A4232ABB53D}.Debug|Any CPU.ActiveCfg = Debug|Any CPU
		{5E9A69C3-AF6B-42A0-AD91-5A4232ABB53D}.Debug|Any CPU.Build.0 = Debug|Any CPU
		{5E9A69C3-AF6B-42A0-AD91-5A4232ABB53D}.Debug|x64.ActiveCfg = Debug|Any CPU
		{5E9A69C3-AF6B-42A0-AD91-5A4232ABB53D}.Debug|x64.Build.0 = Debug|Any CPU
		{5E9A69C3-AF6B-42A0-AD91-5A4232ABB53D}.Debug|x86.ActiveCfg = Debug|Any CPU
		{5E9A69C3-AF6B-42A0-AD91-5A4232ABB53D}.Debug|x86.Build.0 = Debug|Any CPU
		{5E9A69C3-AF6B-42A0-AD91-5A4232ABB53D}.Release|Any CPU.ActiveCfg = Release|Any CPU
		{5E9A69C3-AF6B-42A0-AD91-5A4232ABB53D}.Release|Any CPU.Build.0 = Release|Any CPU
		{5E9A69C3-AF6B-42A0-AD91-5A4232ABB53D}.Release|x64.ActiveCfg = Release|Any CPU
		{5E9A69C3-AF6B-42A0-AD91-5A4232ABB53D}.Release|x64.Build.0 = Release|Any CPU
		{5E9A69C3-AF6B-42A0-AD91-5A4232ABB53D}.Release|x86.ActiveCfg = Release|Any CPU
		{5E9A69C3-AF6B-42A0-AD91-5A4232ABB53D}.Release|x86.Build.0 = Release|Any CPU
		{497AD370-345C-44C9-8607-FBA545898397}.Debug|Any CPU.ActiveCfg = Debug|Any CPU
		{497AD370-345C-44C9-8607-FBA545898397}.Debug|Any CPU.Build.0 = Debug|Any CPU
		{497AD370-345C-44C9-8607-FBA545898397}.Debug|x64.ActiveCfg = Debug|Any CPU
		{497AD370-345C-44C9-8607-FBA545898397}.Debug|x64.Build.0 = Debug|Any CPU
		{497AD370-345C-44C9-8607-FBA545898397}.Debug|x86.ActiveCfg = Debug|Any CPU
		{497AD370-345C-44C9-8607-FBA545898397}.Debug|x86.Build.0 = Debug|Any CPU
		{497AD370-345C-44C9-8607-FBA545898397}.Release|Any CPU.ActiveCfg = Release|Any CPU
		{497AD370-345C-44C9-8607-FBA545898397}.Release|Any CPU.Build.0 = Release|Any CPU
		{497AD370-345C-44C9-8607-FBA545898397}.Release|x64.ActiveCfg = Release|Any CPU
		{497AD370-345C-44C9-8607-FBA545898397}.Release|x64.Build.0 = Release|Any CPU
		{497AD370-345C-44C9-8607-FBA545898397}.Release|x86.ActiveCfg = Release|Any CPU
		{497AD370-345C-44C9-8607-FBA545898397}.Release|x86.Build.0 = Release|Any CPU
	EndGlobalSection
	GlobalSection(SolutionProperties) = preSolution
		HideSolutionNode = FALSE
	EndGlobalSection
	GlobalSection(NestedProjects) = preSolution
		{95881A10-B730-4A86-9B35-E76A119C8D2E} = {827E0CD3-B72D-47B6-A68D-7590B98EB39B}
		{D875ECF5-51C9-454C-80E4-BF3A7EE8C14C} = {827E0CD3-B72D-47B6-A68D-7590B98EB39B}
		{C93B5848-2496-4BB1-9A3F-80214CCB9F24} = {827E0CD3-B72D-47B6-A68D-7590B98EB39B}
		{496ACB31-BF5D-44AE-AB40-5DF2AD113E7E} = {827E0CD3-B72D-47B6-A68D-7590B98EB39B}
		{5E9A69C3-AF6B-42A0-AD91-5A4232ABB53D} = {0AB3BF05-4346-4AA6-1389-037BE0695223}
		{497AD370-345C-44C9-8607-FBA545898397} = {0AB3BF05-4346-4AA6-1389-037BE0695223}
	EndGlobalSection
EndGlobal
